
Microsoft Visual Studio Solution File, Format Version 12.00
# Visual Studio Version 17
VisualStudioVersion = 17.11.35312.102
MinimumVisualStudioVersion = 10.0.40219.1
Project("{FAE04EC0-301F-11D3-BF4B-00C04F79EFBC}") = "Paszport", "Paszport\Paszport.csproj", "{11F1B4FF-F83A-435C-8CBE-6754A7B74256}"
EndProject
Global
	GlobalSection(SolutionConfigurationPlatforms) = preSolution
		Debug|Any CPU = Debug|Any CPU
		Release|Any CPU = Release|Any CPU
	EndGlobalSection
	GlobalSection(ProjectConfigurationPlatforms) = postSolution
		{11F1B4FF-F83A-435C-8CBE-6754A7B74256}.Debug|Any CPU.ActiveCfg = Debug|Any CPU
		{11F1B4FF-F83A-435C-8CBE-6754A7B74256}.Debug|Any CPU.Build.0 = Debug|Any CPU
		{11F1B4FF-F83A-435C-8CBE-6754A7B74256}.Release|Any CPU.ActiveCfg = Release|Any CPU
		{11F1B4FF-F83A-435C-8CBE-6754A7B74256}.Release|Any CPU.Build.0 = Release|Any CPU
	EndGlobalSection
	GlobalSection(SolutionProperties) = preSolution
		HideSolutionNode = FALSE
	EndGlobalSection
	GlobalSection(ExtensibilityGlobals) = postSolution
		SolutionGuid = {66EE12ED-6629-4041-9BDA-B258BF586327}
	EndGlobalSection
EndGlobal
