
Microsoft Visual Studio Solution File, Format Version 12.00
# Visual Studio Version 17
VisualStudioVersion = 17.11.35312.102
MinimumVisualStudioVersion = 10.0.40219.1
Project("{FAE04EC0-301F-11D3-BF4B-00C04F79EFBC}") = "Poczta", "Poczta\Poczta.csproj", "{116BF614-C4B8-4BB8-A719-D695849DD9BD}"
EndProject
Global
	GlobalSection(SolutionConfigurationPlatforms) = preSolution
		Debug|Any CPU = Debug|Any CPU
		Release|Any CPU = Release|Any CPU
	EndGlobalSection
	GlobalSection(ProjectConfigurationPlatforms) = postSolution
		{116BF614-C4B8-4BB8-A719-D695849DD9BD}.Debug|Any CPU.ActiveCfg = Debug|Any CPU
		{116BF614-C4B8-4BB8-A719-D695849DD9BD}.Debug|Any CPU.Build.0 = Debug|Any CPU
		{116BF614-C4B8-4BB8-A719-D695849DD9BD}.Release|Any CPU.ActiveCfg = Release|Any CPU
		{116BF614-C4B8-4BB8-A719-D695849DD9BD}.Release|Any CPU.Build.0 = Release|Any CPU
	EndGlobalSection
	GlobalSection(SolutionProperties) = preSolution
		HideSolutionNode = FALSE
	EndGlobalSection
	GlobalSection(ExtensibilityGlobals) = postSolution
		SolutionGuid = {C9A54543-B8D7-4556-9E80-F72BA30AFAB3}
	EndGlobalSection
EndGlobal
