
Microsoft Visual Studio Solution File, Format Version 12.00
# Visual Studio Version 17
VisualStudioVersion = 17.11.35312.102
MinimumVisualStudioVersion = 10.0.40219.1
Project("{FAE04EC0-301F-11D3-BF4B-00C04F79EFBC}") = "Sortowanie", "Sortowanie\Sortowanie.csproj", "{11A3CD9C-03C1-4E7D-849D-0A86BEB1D616}"
EndProject
Global
	GlobalSection(SolutionConfigurationPlatforms) = preSolution
		Debug|Any CPU = Debug|Any CPU
		Release|Any CPU = Release|Any CPU
	EndGlobalSection
	GlobalSection(ProjectConfigurationPlatforms) = postSolution
		{11A3CD9C-03C1-4E7D-849D-0A86BEB1D616}.Debug|Any CPU.ActiveCfg = Debug|Any CPU
		{11A3CD9C-03C1-4E7D-849D-0A86BEB1D616}.Debug|Any CPU.Build.0 = Debug|Any CPU
		{11A3CD9C-03C1-4E7D-849D-0A86BEB1D616}.Release|Any CPU.ActiveCfg = Release|Any CPU
		{11A3CD9C-03C1-4E7D-849D-0A86BEB1D616}.Release|Any CPU.Build.0 = Release|Any CPU
	EndGlobalSection
	GlobalSection(SolutionProperties) = preSolution
		HideSolutionNode = FALSE
	EndGlobalSection
	GlobalSection(ExtensibilityGlobals) = postSolution
		SolutionGuid = {4983D5C7-F046-4CE2-91B0-9B5EBE525A76}
	EndGlobalSection
EndGlobal
